
Microsoft Visual Studio Solution File, Format Version 12.00
# Visual Studio Version 17
VisualStudioVersion = 17.8.34330.188
MinimumVisualStudioVersion = 10.0.40219.1
Project("{2150E333-8FDC-42A3-9474-1A3956D46DE8}") = "src", "src", "{B09FE0FD-D00E-4616-8979-DAEFC4D6D8D9}"
EndProject
Project("{9A19103F-16F7-4668-BE54-9A1E7A4F7556}") = "SFA.DAS.Payments.RequiredPayments.RequiredPaymentsService.Interfaces", "SFA.DAS.Payments.RequiredPayments.RequiredPaymentsService.Interfaces\SFA.DAS.Payments.RequiredPayments.RequiredPaymentsService.Interfaces.csproj", "{717A2C27-EE6B-4985-8DE1-3FD29A09D3D2}"
EndProject
Project("{9A19103F-16F7-4668-BE54-9A1E7A4F7556}") = "SFA.DAS.Payments.RequiredPayments.RequiredPaymentsService", "SFA.DAS.Payments.RequiredPayments.RequiredPaymentsService\SFA.DAS.Payments.RequiredPayments.RequiredPaymentsService.csproj", "{0C537DB4-F8B2-4429-9875-9C88BDE9D1ED}"
EndProject
Project("{9A19103F-16F7-4668-BE54-9A1E7A4F7556}") = "SFA.DAS.Payments.RequiredPayments.RequiredPaymentsProxyService", "SFA.DAS.Payments.RequiredPayments.RequiredPaymentsProxyService\SFA.DAS.Payments.RequiredPayments.RequiredPaymentsProxyService.csproj", "{3AE53D42-22F2-4F97-8F4E-5A64F6C2B24D}"
EndProject
Project("{9A19103F-16F7-4668-BE54-9A1E7A4F7556}") = "SFA.DAS.Payments.RequiredPayments.RemovedLearnerService.Interfaces", "SFA.DAS.Payments.RequiredPayments.RemovedLearnerService.Interfaces\SFA.DAS.Payments.RequiredPayments.RemovedLearnerService.Interfaces.csproj", "{A415748B-993E-45C5-A94A-92A64DEC0E8D}"
EndProject
Project("{9A19103F-16F7-4668-BE54-9A1E7A4F7556}") = "SFA.DAS.Payments.RequiredPayments.RemovedLearnerService", "SFA.DAS.Payments.RequiredPayments.RemovedLearnerService\SFA.DAS.Payments.RequiredPayments.RemovedLearnerService.csproj", "{FF1FA234-708B-49E6-B958-61879460EEEA}"
EndProject
Project("{9A19103F-16F7-4668-BE54-9A1E7A4F7556}") = "SFA.DAS.Payments.RequiredPayments.Model", "SFA.DAS.Payments.RequiredPayments.Model\SFA.DAS.Payments.RequiredPayments.Model.csproj", "{8DB4B2F6-F17F-4D7A-813B-0FCE7B6BBD00}"
EndProject
Project("{9A19103F-16F7-4668-BE54-9A1E7A4F7556}") = "SFA.DAS.Payments.RequiredPayments.Messages", "SFA.DAS.Payments.RequiredPayments.Messages\SFA.DAS.Payments.RequiredPayments.Messages.csproj", "{29614F16-D4EE-4148-8CB5-B6076ADBBE70}"
EndProject
Project("{9A19103F-16F7-4668-BE54-9A1E7A4F7556}") = "SFA.DAS.Payments.RequiredPayments.Domain.UnitTests", "SFA.DAS.Payments.RequiredPayments.Domain.UnitTests\SFA.DAS.Payments.RequiredPayments.Domain.UnitTests.csproj", "{CDB27548-0845-4F6D-9132-36AB4866A6D9}"
EndProject
Project("{9A19103F-16F7-4668-BE54-9A1E7A4F7556}") = "SFA.DAS.Payments.RequiredPayments.Domain", "SFA.DAS.Payments.RequiredPayments.Domain\SFA.DAS.Payments.RequiredPayments.Domain.csproj", "{9A738BEF-6934-4695-832B-5CDA775F1901}"
EndProject
Project("{9A19103F-16F7-4668-BE54-9A1E7A4F7556}") = "SFA.DAS.Payments.RequiredPayments.ClawbackRemovedLearnerService", "SFA.DAS.Payments.RequiredPayments.ClawbackRemovedLearnerService\SFA.DAS.Payments.RequiredPayments.ClawbackRemovedLearnerService.csproj", "{A6ECA284-1F40-4ED0-8806-2EAA376FC6D9}"
EndProject
Project("{9A19103F-16F7-4668-BE54-9A1E7A4F7556}") = "SFA.DAS.Payments.RequiredPayments.Application.UnitTests", "SFA.DAS.Payments.RequiredPayments.Application.UnitTests\SFA.DAS.Payments.RequiredPayments.Application.UnitTests.csproj", "{D81D885A-DEE6-4DCE-A417-14D8103B0953}"
EndProject
Project("{9A19103F-16F7-4668-BE54-9A1E7A4F7556}") = "SFA.DAS.Payments.RequiredPayments.Application", "SFA.DAS.Payments.RequiredPayments.Application\SFA.DAS.Payments.RequiredPayments.Application.csproj", "{62AD43F4-4734-412B-BB0E-2CAF6AC3BEF6}"
EndProject
Project("{FAE04EC0-301F-11D3-BF4B-00C04F79EFBC}") = "SFA.DAS.Payments.RequiredPayments.AcceptanceTests", "SFA.DAS.Payments.RequiredPayments.AcceptanceTests\SFA.DAS.Payments.RequiredPayments.AcceptanceTests.csproj", "{0A3B3090-2879-4F3D-9B9F-94157B68F726}"
EndProject
Global
	GlobalSection(SolutionConfigurationPlatforms) = preSolution
		Debug|Any CPU = Debug|Any CPU
		Release|Any CPU = Release|Any CPU
	EndGlobalSection
	GlobalSection(ProjectConfigurationPlatforms) = postSolution
		{717A2C27-EE6B-4985-8DE1-3FD29A09D3D2}.Debug|Any CPU.ActiveCfg = Debug|Any CPU
		{717A2C27-EE6B-4985-8DE1-3FD29A09D3D2}.Debug|Any CPU.Build.0 = Debug|Any CPU
		{717A2C27-EE6B-4985-8DE1-3FD29A09D3D2}.Release|Any CPU.ActiveCfg = Release|Any CPU
		{717A2C27-EE6B-4985-8DE1-3FD29A09D3D2}.Release|Any CPU.Build.0 = Release|Any CPU
		{0C537DB4-F8B2-4429-9875-9C88BDE9D1ED}.Debug|Any CPU.ActiveCfg = Debug|Any CPU
		{0C537DB4-F8B2-4429-9875-9C88BDE9D1ED}.Debug|Any CPU.Build.0 = Debug|Any CPU
		{0C537DB4-F8B2-4429-9875-9C88BDE9D1ED}.Release|Any CPU.ActiveCfg = Release|Any CPU
		{0C537DB4-F8B2-4429-9875-9C88BDE9D1ED}.Release|Any CPU.Build.0 = Release|Any CPU
		{3AE53D42-22F2-4F97-8F4E-5A64F6C2B24D}.Debug|Any CPU.ActiveCfg = Debug|Any CPU
		{3AE53D42-22F2-4F97-8F4E-5A64F6C2B24D}.Debug|Any CPU.Build.0 = Debug|Any CPU
		{3AE53D42-22F2-4F97-8F4E-5A64F6C2B24D}.Release|Any CPU.ActiveCfg = Release|Any CPU
		{3AE53D42-22F2-4F97-8F4E-5A64F6C2B24D}.Release|Any CPU.Build.0 = Release|Any CPU
		{A415748B-993E-45C5-A94A-92A64DEC0E8D}.Debug|Any CPU.ActiveCfg = Debug|Any CPU
		{A415748B-993E-45C5-A94A-92A64DEC0E8D}.Debug|Any CPU.Build.0 = Debug|Any CPU
		{A415748B-993E-45C5-A94A-92A64DEC0E8D}.Release|Any CPU.ActiveCfg = Release|Any CPU
		{A415748B-993E-45C5-A94A-92A64DEC0E8D}.Release|Any CPU.Build.0 = Release|Any CPU
		{FF1FA234-708B-49E6-B958-61879460EEEA}.Debug|Any CPU.ActiveCfg = Debug|Any CPU
		{FF1FA234-708B-49E6-B958-61879460EEEA}.Debug|Any CPU.Build.0 = Debug|Any CPU
		{FF1FA234-708B-49E6-B958-61879460EEEA}.Release|Any CPU.ActiveCfg = Release|Any CPU
		{FF1FA234-708B-49E6-B958-61879460EEEA}.Release|Any CPU.Build.0 = Release|Any CPU
		{8DB4B2F6-F17F-4D7A-813B-0FCE7B6BBD00}.Debug|Any CPU.ActiveCfg = Debug|Any CPU
		{8DB4B2F6-F17F-4D7A-813B-0FCE7B6BBD00}.Debug|Any CPU.Build.0 = Debug|Any CPU
		{8DB4B2F6-F17F-4D7A-813B-0FCE7B6BBD00}.Release|Any CPU.ActiveCfg = Release|Any CPU
		{8DB4B2F6-F17F-4D7A-813B-0FCE7B6BBD00}.Release|Any CPU.Build.0 = Release|Any CPU
		{29614F16-D4EE-4148-8CB5-B6076ADBBE70}.Debug|Any CPU.ActiveCfg = Debug|Any CPU
		{29614F16-D4EE-4148-8CB5-B6076ADBBE70}.Debug|Any CPU.Build.0 = Debug|Any CPU
		{29614F16-D4EE-4148-8CB5-B6076ADBBE70}.Release|Any CPU.ActiveCfg = Release|Any CPU
		{29614F16-D4EE-4148-8CB5-B6076ADBBE70}.Release|Any CPU.Build.0 = Release|Any CPU
		{CDB27548-0845-4F6D-9132-36AB4866A6D9}.Debug|Any CPU.ActiveCfg = Debug|Any CPU
		{CDB27548-0845-4F6D-9132-36AB4866A6D9}.Debug|Any CPU.Build.0 = Debug|Any CPU
		{CDB27548-0845-4F6D-9132-36AB4866A6D9}.Release|Any CPU.ActiveCfg = Release|Any CPU
		{CDB27548-0845-4F6D-9132-36AB4866A6D9}.Release|Any CPU.Build.0 = Release|Any CPU
		{9A738BEF-6934-4695-832B-5CDA775F1901}.Debug|Any CPU.ActiveCfg = Debug|Any CPU
		{9A738BEF-6934-4695-832B-5CDA775F1901}.Debug|Any CPU.Build.0 = Debug|Any CPU
		{9A738BEF-6934-4695-832B-5CDA775F1901}.Release|Any CPU.ActiveCfg = Release|Any CPU
		{9A738BEF-6934-4695-832B-5CDA775F1901}.Release|Any CPU.Build.0 = Release|Any CPU
		{A6ECA284-1F40-4ED0-8806-2EAA376FC6D9}.Debug|Any CPU.ActiveCfg = Debug|Any CPU
		{A6ECA284-1F40-4ED0-8806-2EAA376FC6D9}.Debug|Any CPU.Build.0 = Debug|Any CPU
		{A6ECA284-1F40-4ED0-8806-2EAA376FC6D9}.Release|Any CPU.ActiveCfg = Release|Any CPU
		{A6ECA284-1F40-4ED0-8806-2EAA376FC6D9}.Release|Any CPU.Build.0 = Release|Any CPU
		{D81D885A-DEE6-4DCE-A417-14D8103B0953}.Debug|Any CPU.ActiveCfg = Debug|Any CPU
		{D81D885A-DEE6-4DCE-A417-14D8103B0953}.Debug|Any CPU.Build.0 = Debug|Any CPU
		{D81D885A-DEE6-4DCE-A417-14D8103B0953}.Release|Any CPU.ActiveCfg = Release|Any CPU
		{D81D885A-DEE6-4DCE-A417-14D8103B0953}.Release|Any CPU.Build.0 = Release|Any CPU
		{62AD43F4-4734-412B-BB0E-2CAF6AC3BEF6}.Debug|Any CPU.ActiveCfg = Debug|Any CPU
		{62AD43F4-4734-412B-BB0E-2CAF6AC3BEF6}.Debug|Any CPU.Build.0 = Debug|Any CPU
		{62AD43F4-4734-412B-BB0E-2CAF6AC3BEF6}.Release|Any CPU.ActiveCfg = Release|Any CPU
		{62AD43F4-4734-412B-BB0E-2CAF6AC3BEF6}.Release|Any CPU.Build.0 = Release|Any CPU
		{0A3B3090-2879-4F3D-9B9F-94157B68F726}.Debug|Any CPU.ActiveCfg = Debug|Any CPU
		{0A3B3090-2879-4F3D-9B9F-94157B68F726}.Debug|Any CPU.Build.0 = Debug|Any CPU
		{0A3B3090-2879-4F3D-9B9F-94157B68F726}.Release|Any CPU.ActiveCfg = Release|Any CPU
		{0A3B3090-2879-4F3D-9B9F-94157B68F726}.Release|Any CPU.Build.0 = Release|Any CPU
	EndGlobalSection
	GlobalSection(SolutionProperties) = preSolution
		HideSolutionNode = FALSE
	EndGlobalSection
	GlobalSection(NestedProjects) = preSolution
		{717A2C27-EE6B-4985-8DE1-3FD29A09D3D2} = {B09FE0FD-D00E-4616-8979-DAEFC4D6D8D9}
		{0C537DB4-F8B2-4429-9875-9C88BDE9D1ED} = {B09FE0FD-D00E-4616-8979-DAEFC4D6D8D9}
		{3AE53D42-22F2-4F97-8F4E-5A64F6C2B24D} = {B09FE0FD-D00E-4616-8979-DAEFC4D6D8D9}
		{A415748B-993E-45C5-A94A-92A64DEC0E8D} = {B09FE0FD-D00E-4616-8979-DAEFC4D6D8D9}
		{FF1FA234-708B-49E6-B958-61879460EEEA} = {B09FE0FD-D00E-4616-8979-DAEFC4D6D8D9}
		{8DB4B2F6-F17F-4D7A-813B-0FCE7B6BBD00} = {B09FE0FD-D00E-4616-8979-DAEFC4D6D8D9}
		{29614F16-D4EE-4148-8CB5-B6076ADBBE70} = {B09FE0FD-D00E-4616-8979-DAEFC4D6D8D9}
		{CDB27548-0845-4F6D-9132-36AB4866A6D9} = {B09FE0FD-D00E-4616-8979-DAEFC4D6D8D9}
		{9A738BEF-6934-4695-832B-5CDA775F1901} = {B09FE0FD-D00E-4616-8979-DAEFC4D6D8D9}
		{A6ECA284-1F40-4ED0-8806-2EAA376FC6D9} = {B09FE0FD-D00E-4616-8979-DAEFC4D6D8D9}
		{D81D885A-DEE6-4DCE-A417-14D8103B0953} = {B09FE0FD-D00E-4616-8979-DAEFC4D6D8D9}
		{62AD43F4-4734-412B-BB0E-2CAF6AC3BEF6} = {B09FE0FD-D00E-4616-8979-DAEFC4D6D8D9}
		{0A3B3090-2879-4F3D-9B9F-94157B68F726} = {B09FE0FD-D00E-4616-8979-DAEFC4D6D8D9}
	EndGlobalSection
	GlobalSection(ExtensibilityGlobals) = postSolution
		SolutionGuid = {F45D88E9-C2C6-495A-AF22-06E965CC470A}
	EndGlobalSection
EndGlobal
